
Microsoft Visual Studio Solution File, Format Version 12.00
# Visual Studio Version 16
VisualStudioVersion = 16.0.29102.190
MinimumVisualStudioVersion = 10.0.40219.1
Project("{FAE04EC0-301F-11D3-BF4B-00C04F79EFBC}") = "MemLib", "MemLib\MemLib.csproj", "{185E7C81-B6D3-4B4D-985F-0186D0869956}"
EndProject
Project("{FAE04EC0-301F-11D3-BF4B-00C04F79EFBC}") = "MemLib.Ffxiv", "MemLib.Ffxiv\MemLib.Ffxiv.csproj", "{F425B11E-8679-44F1-9950-448FE174ACBA}"
EndProject
Global
	GlobalSection(SolutionConfigurationPlatforms) = preSolution
		Debug|Any CPU = Debug|Any CPU
		Release|Any CPU = Release|Any CPU
	EndGlobalSection
	GlobalSection(ProjectConfigurationPlatforms) = postSolution
		{185E7C81-B6D3-4B4D-985F-0186D0869956}.Debug|Any CPU.ActiveCfg = Debug|Any CPU
		{185E7C81-B6D3-4B4D-985F-0186D0869956}.Debug|Any CPU.Build.0 = Debug|Any CPU
		{185E7C81-B6D3-4B4D-985F-0186D0869956}.Release|Any CPU.ActiveCfg = Release|Any CPU
		{185E7C81-B6D3-4B4D-985F-0186D0869956}.Release|Any CPU.Build.0 = Release|Any CPU
		{F425B11E-8679-44F1-9950-448FE174ACBA}.Debug|Any CPU.ActiveCfg = Debug|Any CPU
		{F425B11E-8679-44F1-9950-448FE174ACBA}.Debug|Any CPU.Build.0 = Debug|Any CPU
		{F425B11E-8679-44F1-9950-448FE174ACBA}.Release|Any CPU.ActiveCfg = Release|Any CPU
		{F425B11E-8679-44F1-9950-448FE174ACBA}.Release|Any CPU.Build.0 = Release|Any CPU
	EndGlobalSection
	GlobalSection(SolutionProperties) = preSolution
		HideSolutionNode = FALSE
	EndGlobalSection
	GlobalSection(ExtensibilityGlobals) = postSolution
		SolutionGuid = {6C9CA240-7CDD-4189-BCB8-EDD7A75C9BC0}
	EndGlobalSection
EndGlobal
